{
  "requires": true,
  "lockfileVersion": 1,
  "dependencies": {
    "select2-bootstrap4-theme": {
      "version": "1.0.0",
      "resolved": "https://registry.npmjs.org/select2-bootstrap4-theme/-/select2-bootstrap4-theme-1.0.0.tgz",
      "integrity": "sha512-H5v9fd5JWqYKZZ0T8jB5cIrAhWdAIbr3K0pkfuUebcEZqFXlPtZSKoANzJc/qbDzj0/Sle1h/4APpVPveiR/VA=="
    }
  }
}
